
Microsoft Visual Studio Solution File, Format Version 12.00
# Visual Studio 15
VisualStudioVersion = 15.0.28307.136
MinimumVisualStudioVersion = 10.0.40219.1
Project("{FAE04EC0-301F-11D3-BF4B-00C04F79EFBC}") = "BasicTraining.Web", "BasicTraining.Web\BasicTraining.Web.csproj", "{C915F4A9-B630-4C17-BC6F-31D776B84B32}"
EndProject
Global
	GlobalSection(SolutionConfigurationPlatforms) = preSolution
		Debug|Any CPU = Debug|Any CPU
		Release|Any CPU = Release|Any CPU
	EndGlobalSection
	GlobalSection(ProjectConfigurationPlatforms) = postSolution
		{C915F4A9-B630-4C17-BC6F-31D776B84B32}.Debug|Any CPU.ActiveCfg = Debug|Any CPU
		{C915F4A9-B630-4C17-BC6F-31D776B84B32}.Debug|Any CPU.Build.0 = Debug|Any CPU
		{C915F4A9-B630-4C17-BC6F-31D776B84B32}.Release|Any CPU.ActiveCfg = Release|Any CPU
		{C915F4A9-B630-4C17-BC6F-31D776B84B32}.Release|Any CPU.Build.0 = Release|Any CPU
	EndGlobalSection
	GlobalSection(SolutionProperties) = preSolution
		HideSolutionNode = FALSE
	EndGlobalSection
	GlobalSection(ExtensibilityGlobals) = postSolution
		SolutionGuid = {6D86B044-0909-4282-B67F-679FAF3E891D}
	EndGlobalSection
EndGlobal
